
Microsoft Visual Studio Solution File, Format Version 12.00
# Visual Studio Version 17
VisualStudioVersion = 17.14.36915.13 d17.14
MinimumVisualStudioVersion = 10.0.40219.1
Project("{FAE04EC0-301F-11D3-BF4B-00C04F79EFBC}") = "OOPApp2", "OOPApp2\OOPApp2.csproj", "{08792857-7DE2-46B7-B49C-E4C2FF1175DF}"
EndProject
Global
	GlobalSection(SolutionConfigurationPlatforms) = preSolution
		Debug|Any CPU = Debug|Any CPU
		Release|Any CPU = Release|Any CPU
	EndGlobalSection
	GlobalSection(ProjectConfigurationPlatforms) = postSolution
		{08792857-7DE2-46B7-B49C-E4C2FF1175DF}.Debug|Any CPU.ActiveCfg = Debug|Any CPU
		{08792857-7DE2-46B7-B49C-E4C2FF1175DF}.Debug|Any CPU.Build.0 = Debug|Any CPU
		{08792857-7DE2-46B7-B49C-E4C2FF1175DF}.Release|Any CPU.ActiveCfg = Release|Any CPU
		{08792857-7DE2-46B7-B49C-E4C2FF1175DF}.Release|Any CPU.Build.0 = Release|Any CPU
	EndGlobalSection
	GlobalSection(SolutionProperties) = preSolution
		HideSolutionNode = FALSE
	EndGlobalSection
	GlobalSection(ExtensibilityGlobals) = postSolution
		SolutionGuid = {96368CE0-8B3D-426D-BD1B-CBAED90B471F}
	EndGlobalSection
EndGlobal
